
Microsoft Visual Studio Solution File, Format Version 12.00
# Visual Studio 2012
Project("{2150E333-8FDC-42A3-9474-1A3956D46DE8}") = "Client", "Client", "{C2103F37-0EBA-44F9-AFB7-CC54009F7929}"
EndProject
Project("{2150E333-8FDC-42A3-9474-1A3956D46DE8}") = "Common", "Common", "{CFC34DF2-36A5-4247-90CD-7624E84808A2}"
EndProject
Project("{2150E333-8FDC-42A3-9474-1A3956D46DE8}") = "Server", "Server", "{5DF3D1AD-4073-42C5-A4F1-4D0F65465A13}"
EndProject
Project("{2150E333-8FDC-42A3-9474-1A3956D46DE8}") = "Service Interfaces", "Service Interfaces", "{BB09F19C-CA1F-4048-A35F-06284173A77A}"
EndProject
Project("{2150E333-8FDC-42A3-9474-1A3956D46DE8}") = "Data Transfer", "Data Transfer", "{9C98B2E5-08D8-46C9-9C47-910E21730C42}"
EndProject
Project("{2150E333-8FDC-42A3-9474-1A3956D46DE8}") = "Services", "Services", "{EE87AA67-F4C8-492C-B447-4960A02CD6E1}"
EndProject
Project("{2150E333-8FDC-42A3-9474-1A3956D46DE8}") = "System Services", "System Services", "{C2220E9F-7D6E-40E7-BF13-B4987456B767}"
EndProject
Project("{2150E333-8FDC-42A3-9474-1A3956D46DE8}") = "Application", "Application", "{16DD194E-7B34-4C97-8F27-23709B146524}"
EndProject
Project("{2150E333-8FDC-42A3-9474-1A3956D46DE8}") = "Data Access", "Data Access", "{AB411AA8-AA9D-41DC-8E2C-0125BCDED989}"
EndProject
Project("{2150E333-8FDC-42A3-9474-1A3956D46DE8}") = "Domain Entities", "Domain Entities", "{FE406C10-A02E-4BB9-9AB4-10286BEB6B7C}"
EndProject
Project("{2150E333-8FDC-42A3-9474-1A3956D46DE8}") = "Behaviors", "Behaviors", "{85D631C3-B287-4678-AC52-FBB189103D05}"
EndProject
Project("{FAE04EC0-301F-11D3-BF4B-00C04F79EFBC}") = "EventSources", "Common\EventSources\EventSources.csproj", "{10D6B425-24F6-4A1B-B39F-8375D86C8622}"
EndProject
Project("{FAE04EC0-301F-11D3-BF4B-00C04F79EFBC}") = "Common.Registration", "Common\Registration\Common.Registration.csproj", "{E097BA99-E307-4E93-B6D4-48AE12010F0F}"
EndProject
Project("{FAE04EC0-301F-11D3-BF4B-00C04F79EFBC}") = "Unity.Wcf", "Common\Unity.Wcf\Unity.Wcf.csproj", "{46DAAD56-1DB7-422F-80CB-67DC371A06FB}"
EndProject
Project("{FAE04EC0-301F-11D3-BF4B-00C04F79EFBC}") = "DataAccess.Registration", "Data Access\DataAccess.Registration\DataAccess.Registration.csproj", "{B1417040-1B32-42B8-A610-06F49B8B7F59}"
EndProject
Project("{FAE04EC0-301F-11D3-BF4B-00C04F79EFBC}") = "MerchandiseReturnDataAccess", "Data Access\MerchandiseReturnDataAccess\MerchandiseReturnDataAccess.csproj", "{0D725A21-04D2-4330-A60D-0B8C61C0F550}"
EndProject
Project("{FAE04EC0-301F-11D3-BF4B-00C04F79EFBC}") = "SalesDataAccess", "Data Access\SalesRepository\SalesDataAccess.csproj", "{105E9B77-7A9C-4946-B117-E0C543C9B328}"
EndProject
Project("{FAE04EC0-301F-11D3-BF4B-00C04F79EFBC}") = "DomainEntities", "Domain Entities\DomainEntities\DomainEntities.csproj", "{456ED734-BEC8-4B49-840D-9D04D76696FB}"
EndProject
Project("{FAE04EC0-301F-11D3-BF4B-00C04F79EFBC}") = "SalesDTO", "Data Transfer\SalesDTO\SalesDTO.csproj", "{2FBAAACD-9A4F-4721-851C-EEF4CAF3293C}"
EndProject
Project("{FAE04EC0-301F-11D3-BF4B-00C04F79EFBC}") = "MerchandiseReturnDTO", "Data Transfer\MerchandiseReturnDTO\MerchandiseReturnDTO.csproj", "{2EB384E2-219A-4C0A-89E7-44C89030EB04}"
EndProject
Project("{FAE04EC0-301F-11D3-BF4B-00C04F79EFBC}") = "Interfaces", "Service Interfaces\Interfaces\Interfaces.csproj", "{C4C45111-AC66-4E37-9538-46521F07B151}"
EndProject
Project("{FAE04EC0-301F-11D3-BF4B-00C04F79EFBC}") = "SystemServices.Registration", "System Services\System.Registration\SystemServices.Registration.csproj", "{0829C298-4FCB-4BCD-860B-4006E8311FAA}"
EndProject
Project("{FAE04EC0-301F-11D3-BF4B-00C04F79EFBC}") = "BusinessRules", "System Services\BusinessRules\BusinessRules.csproj", "{305E05D3-1668-4C81-88E0-48E65996D02E}"
EndProject
Project("{FAE04EC0-301F-11D3-BF4B-00C04F79EFBC}") = "SalesService", "Services\SalesService\SalesService.csproj", "{B60C956F-26B1-4FC4-A0FA-AA9B4101196F}"
EndProject
Project("{FAE04EC0-301F-11D3-BF4B-00C04F79EFBC}") = "MerchandiseReturnService", "Services\MerchandiseReturnService\MerchandiseReturnService.csproj", "{CBF09D42-94B5-4FE0-82E6-FC5381CAC2A7}"
EndProject
Project("{FAE04EC0-301F-11D3-BF4B-00C04F79EFBC}") = "Services.Registration", "Services\Services.Registration\Services.Registration.csproj", "{DCBCA755-B17E-4115-8F5C-6FEFECE4090F}"
EndProject
Project("{FAE04EC0-301F-11D3-BF4B-00C04F79EFBC}") = "TraceEvent", "Common\TraceEvent\TraceEvent.csproj", "{B68F4968-A7CF-41CC-AD6E-373DB5E67944}"
EndProject
Project("{FAE04EC0-301F-11D3-BF4B-00C04F79EFBC}") = "LoggingBehaviors", "Services\Behaviors\LoggingBehaviors\LoggingBehaviors.csproj", "{FAFDCF01-6134-4A01-912B-B36F191B1DD0}"
EndProject
Project("{FAE04EC0-301F-11D3-BF4B-00C04F79EFBC}") = "BizGear.WPF", "Application\Client\BizGear.WPF\BizGear.WPF.csproj", "{75744F59-DDD4-4370-935D-0395ABB6659D}"
EndProject
Project("{FAE04EC0-301F-11D3-BF4B-00C04F79EFBC}") = "ConsoleHost", "Application\Server\ConsoleHost\ConsoleHost.csproj", "{E2B68BC7-9F65-4655-832B-35069906304D}"
EndProject
Project("{FAE04EC0-301F-11D3-BF4B-00C04F79EFBC}") = "Client.Registration", "Application\Client\Client.Registration\Client.Registration.csproj", "{30774191-9AB7-4753-8281-9920E5B67449}"
EndProject
Project("{2150E333-8FDC-42A3-9474-1A3956D46DE8}") = "ETW", "ETW", "{75FA460C-C2F6-45E5-A27D-3295AD51EEDE}"
EndProject
Project("{FAE04EC0-301F-11D3-BF4B-00C04F79EFBC}") = "WpfEventMonitor", "Application\ETW\WpfEventMonitor\WpfEventMonitor\WpfEventMonitor.csproj", "{94D17AE9-8EE9-4D4A-8234-004F060FAB08}"
EndProject
Project("{FAE04EC0-301F-11D3-BF4B-00C04F79EFBC}") = "WpfEventGenerator", "Application\ETW\WpfEventGenerator\WpfEventGenerator.csproj", "{E4BFBBBC-E64A-4986-872E-9510BF68F903}"
EndProject
Project("{FAE04EC0-301F-11D3-BF4B-00C04F79EFBC}") = "SimpleMonitor", "Application\ETW\SimpleMonitor\SimpleMonitor.csproj", "{87674906-785E-4CAB-A4D2-E68E67210167}"
EndProject
Project("{FAE04EC0-301F-11D3-BF4B-00C04F79EFBC}") = "Backend", "Backend\Backend.csproj", "{F2676BC2-997E-43F3-B896-6822D6DC2064}"
EndProject
Project("{FAE04EC0-301F-11D3-BF4B-00C04F79EFBC}") = "ServiceBus.Contracts", "ServiceBus.Contracts\ServiceBus.Contracts.csproj", "{630A0A4A-593F-4754-A92F-6420896E21E1}"
EndProject
Project("{FAE04EC0-301F-11D3-BF4B-00C04F79EFBC}") = "SimpleDemoConsole", "SimpleDemoConsole\SimpleDemoConsole.csproj", "{AFA9BB19-30A9-4763-B0E6-9192BBD77D0C}"
EndProject
Project("{F088123C-0E9E-452A-89E6-6BA2F21D5CAC}") = "ModelingProject1", "ModelingProject1\ModelingProject1.modelproj", "{08695145-6036-47ED-9883-30F34D923C7B}"
EndProject
Project("{FAE04EC0-301F-11D3-BF4B-00C04F79EFBC}") = "ConsTestCircularBuff", "ConsTestCircularBuff\ConsTestCircularBuff.csproj", "{01F0C58E-239C-4039-87F5-117EC6C3F7B3}"
EndProject
Global
	GlobalSection(SolutionConfigurationPlatforms) = preSolution
		Debug|Any CPU = Debug|Any CPU
		Release|Any CPU = Release|Any CPU
	EndGlobalSection
	GlobalSection(ProjectConfigurationPlatforms) = postSolution
		{10D6B425-24F6-4A1B-B39F-8375D86C8622}.Debug|Any CPU.ActiveCfg = Debug|Any CPU
		{10D6B425-24F6-4A1B-B39F-8375D86C8622}.Debug|Any CPU.Build.0 = Debug|Any CPU
		{10D6B425-24F6-4A1B-B39F-8375D86C8622}.Release|Any CPU.ActiveCfg = Release|Any CPU
		{10D6B425-24F6-4A1B-B39F-8375D86C8622}.Release|Any CPU.Build.0 = Release|Any CPU
		{E097BA99-E307-4E93-B6D4-48AE12010F0F}.Debug|Any CPU.ActiveCfg = Debug|Any CPU
		{E097BA99-E307-4E93-B6D4-48AE12010F0F}.Debug|Any CPU.Build.0 = Debug|Any CPU
		{E097BA99-E307-4E93-B6D4-48AE12010F0F}.Release|Any CPU.ActiveCfg = Release|Any CPU
		{E097BA99-E307-4E93-B6D4-48AE12010F0F}.Release|Any CPU.Build.0 = Release|Any CPU
		{46DAAD56-1DB7-422F-80CB-67DC371A06FB}.Debug|Any CPU.ActiveCfg = Debug|Any CPU
		{46DAAD56-1DB7-422F-80CB-67DC371A06FB}.Debug|Any CPU.Build.0 = Debug|Any CPU
		{46DAAD56-1DB7-422F-80CB-67DC371A06FB}.Release|Any CPU.ActiveCfg = Release|Any CPU
		{46DAAD56-1DB7-422F-80CB-67DC371A06FB}.Release|Any CPU.Build.0 = Release|Any CPU
		{B1417040-1B32-42B8-A610-06F49B8B7F59}.Debug|Any CPU.ActiveCfg = Debug|Any CPU
		{B1417040-1B32-42B8-A610-06F49B8B7F59}.Debug|Any CPU.Build.0 = Debug|Any CPU
		{B1417040-1B32-42B8-A610-06F49B8B7F59}.Release|Any CPU.ActiveCfg = Release|Any CPU
		{B1417040-1B32-42B8-A610-06F49B8B7F59}.Release|Any CPU.Build.0 = Release|Any CPU
		{0D725A21-04D2-4330-A60D-0B8C61C0F550}.Debug|Any CPU.ActiveCfg = Debug|Any CPU
		{0D725A21-04D2-4330-A60D-0B8C61C0F550}.Debug|Any CPU.Build.0 = Debug|Any CPU
		{0D725A21-04D2-4330-A60D-0B8C61C0F550}.Release|Any CPU.ActiveCfg = Release|Any CPU
		{0D725A21-04D2-4330-A60D-0B8C61C0F550}.Release|Any CPU.Build.0 = Release|Any CPU
		{105E9B77-7A9C-4946-B117-E0C543C9B328}.Debug|Any CPU.ActiveCfg = Debug|Any CPU
		{105E9B77-7A9C-4946-B117-E0C543C9B328}.Debug|Any CPU.Build.0 = Debug|Any CPU
		{105E9B77-7A9C-4946-B117-E0C543C9B328}.Release|Any CPU.ActiveCfg = Release|Any CPU
		{105E9B77-7A9C-4946-B117-E0C543C9B328}.Release|Any CPU.Build.0 = Release|Any CPU
		{456ED734-BEC8-4B49-840D-9D04D76696FB}.Debug|Any CPU.ActiveCfg = Debug|Any CPU
		{456ED734-BEC8-4B49-840D-9D04D76696FB}.Debug|Any CPU.Build.0 = Debug|Any CPU
		{456ED734-BEC8-4B49-840D-9D04D76696FB}.Release|Any CPU.ActiveCfg = Release|Any CPU
		{456ED734-BEC8-4B49-840D-9D04D76696FB}.Release|Any CPU.Build.0 = Release|Any CPU
		{2FBAAACD-9A4F-4721-851C-EEF4CAF3293C}.Debug|Any CPU.ActiveCfg = Debug|Any CPU
		{2FBAAACD-9A4F-4721-851C-EEF4CAF3293C}.Debug|Any CPU.Build.0 = Debug|Any CPU
		{2FBAAACD-9A4F-4721-851C-EEF4CAF3293C}.Release|Any CPU.ActiveCfg = Release|Any CPU
		{2FBAAACD-9A4F-4721-851C-EEF4CAF3293C}.Release|Any CPU.Build.0 = Release|Any CPU
		{2EB384E2-219A-4C0A-89E7-44C89030EB04}.Debug|Any CPU.ActiveCfg = Debug|Any CPU
		{2EB384E2-219A-4C0A-89E7-44C89030EB04}.Debug|Any CPU.Build.0 = Debug|Any CPU
		{2EB384E2-219A-4C0A-89E7-44C89030EB04}.Release|Any CPU.ActiveCfg = Release|Any CPU
		{2EB384E2-219A-4C0A-89E7-44C89030EB04}.Release|Any CPU.Build.0 = Release|Any CPU
		{C4C45111-AC66-4E37-9538-46521F07B151}.Debug|Any CPU.ActiveCfg = Debug|Any CPU
		{C4C45111-AC66-4E37-9538-46521F07B151}.Debug|Any CPU.Build.0 = Debug|Any CPU
		{C4C45111-AC66-4E37-9538-46521F07B151}.Release|Any CPU.ActiveCfg = Release|Any CPU
		{C4C45111-AC66-4E37-9538-46521F07B151}.Release|Any CPU.Build.0 = Release|Any CPU
		{0829C298-4FCB-4BCD-860B-4006E8311FAA}.Debug|Any CPU.ActiveCfg = Debug|Any CPU
		{0829C298-4FCB-4BCD-860B-4006E8311FAA}.Debug|Any CPU.Build.0 = Debug|Any CPU
		{0829C298-4FCB-4BCD-860B-4006E8311FAA}.Release|Any CPU.ActiveCfg = Release|Any CPU
		{0829C298-4FCB-4BCD-860B-4006E8311FAA}.Release|Any CPU.Build.0 = Release|Any CPU
		{305E05D3-1668-4C81-88E0-48E65996D02E}.Debug|Any CPU.ActiveCfg = Debug|Any CPU
		{305E05D3-1668-4C81-88E0-48E65996D02E}.Debug|Any CPU.Build.0 = Debug|Any CPU
		{305E05D3-1668-4C81-88E0-48E65996D02E}.Release|Any CPU.ActiveCfg = Release|Any CPU
		{305E05D3-1668-4C81-88E0-48E65996D02E}.Release|Any CPU.Build.0 = Release|Any CPU
		{B60C956F-26B1-4FC4-A0FA-AA9B4101196F}.Debug|Any CPU.ActiveCfg = Debug|Any CPU
		{B60C956F-26B1-4FC4-A0FA-AA9B4101196F}.Debug|Any CPU.Build.0 = Debug|Any CPU
		{B60C956F-26B1-4FC4-A0FA-AA9B4101196F}.Release|Any CPU.ActiveCfg = Release|Any CPU
		{B60C956F-26B1-4FC4-A0FA-AA9B4101196F}.Release|Any CPU.Build.0 = Release|Any CPU
		{CBF09D42-94B5-4FE0-82E6-FC5381CAC2A7}.Debug|Any CPU.ActiveCfg = Debug|Any CPU
		{CBF09D42-94B5-4FE0-82E6-FC5381CAC2A7}.Debug|Any CPU.Build.0 = Debug|Any CPU
		{CBF09D42-94B5-4FE0-82E6-FC5381CAC2A7}.Release|Any CPU.ActiveCfg = Release|Any CPU
		{CBF09D42-94B5-4FE0-82E6-FC5381CAC2A7}.Release|Any CPU.Build.0 = Release|Any CPU
		{DCBCA755-B17E-4115-8F5C-6FEFECE4090F}.Debug|Any CPU.ActiveCfg = Debug|Any CPU
		{DCBCA755-B17E-4115-8F5C-6FEFECE4090F}.Debug|Any CPU.Build.0 = Debug|Any CPU
		{DCBCA755-B17E-4115-8F5C-6FEFECE4090F}.Release|Any CPU.ActiveCfg = Release|Any CPU
		{DCBCA755-B17E-4115-8F5C-6FEFECE4090F}.Release|Any CPU.Build.0 = Release|Any CPU
		{B68F4968-A7CF-41CC-AD6E-373DB5E67944}.Debug|Any CPU.ActiveCfg = Debug|Any CPU
		{B68F4968-A7CF-41CC-AD6E-373DB5E67944}.Debug|Any CPU.Build.0 = Debug|Any CPU
		{B68F4968-A7CF-41CC-AD6E-373DB5E67944}.Release|Any CPU.ActiveCfg = Release|Any CPU
		{B68F4968-A7CF-41CC-AD6E-373DB5E67944}.Release|Any CPU.Build.0 = Release|Any CPU
		{FAFDCF01-6134-4A01-912B-B36F191B1DD0}.Debug|Any CPU.ActiveCfg = Debug|Any CPU
		{FAFDCF01-6134-4A01-912B-B36F191B1DD0}.Debug|Any CPU.Build.0 = Debug|Any CPU
		{FAFDCF01-6134-4A01-912B-B36F191B1DD0}.Release|Any CPU.ActiveCfg = Release|Any CPU
		{FAFDCF01-6134-4A01-912B-B36F191B1DD0}.Release|Any CPU.Build.0 = Release|Any CPU
		{75744F59-DDD4-4370-935D-0395ABB6659D}.Debug|Any CPU.ActiveCfg = Debug|Any CPU
		{75744F59-DDD4-4370-935D-0395ABB6659D}.Debug|Any CPU.Build.0 = Debug|Any CPU
		{75744F59-DDD4-4370-935D-0395ABB6659D}.Release|Any CPU.ActiveCfg = Release|Any CPU
		{75744F59-DDD4-4370-935D-0395ABB6659D}.Release|Any CPU.Build.0 = Release|Any CPU
		{E2B68BC7-9F65-4655-832B-35069906304D}.Debug|Any CPU.ActiveCfg = Debug|Any CPU
		{E2B68BC7-9F65-4655-832B-35069906304D}.Debug|Any CPU.Build.0 = Debug|Any CPU
		{E2B68BC7-9F65-4655-832B-35069906304D}.Release|Any CPU.ActiveCfg = Release|Any CPU
		{E2B68BC7-9F65-4655-832B-35069906304D}.Release|Any CPU.Build.0 = Release|Any CPU
		{30774191-9AB7-4753-8281-9920E5B67449}.Debug|Any CPU.ActiveCfg = Debug|Any CPU
		{30774191-9AB7-4753-8281-9920E5B67449}.Debug|Any CPU.Build.0 = Debug|Any CPU
		{30774191-9AB7-4753-8281-9920E5B67449}.Release|Any CPU.ActiveCfg = Release|Any CPU
		{30774191-9AB7-4753-8281-9920E5B67449}.Release|Any CPU.Build.0 = Release|Any CPU
		{94D17AE9-8EE9-4D4A-8234-004F060FAB08}.Debug|Any CPU.ActiveCfg = Debug|Any CPU
		{94D17AE9-8EE9-4D4A-8234-004F060FAB08}.Debug|Any CPU.Build.0 = Debug|Any CPU
		{94D17AE9-8EE9-4D4A-8234-004F060FAB08}.Release|Any CPU.ActiveCfg = Release|Any CPU
		{94D17AE9-8EE9-4D4A-8234-004F060FAB08}.Release|Any CPU.Build.0 = Release|Any CPU
		{E4BFBBBC-E64A-4986-872E-9510BF68F903}.Debug|Any CPU.ActiveCfg = Debug|Any CPU
		{E4BFBBBC-E64A-4986-872E-9510BF68F903}.Debug|Any CPU.Build.0 = Debug|Any CPU
		{E4BFBBBC-E64A-4986-872E-9510BF68F903}.Release|Any CPU.ActiveCfg = Release|Any CPU
		{E4BFBBBC-E64A-4986-872E-9510BF68F903}.Release|Any CPU.Build.0 = Release|Any CPU
		{87674906-785E-4CAB-A4D2-E68E67210167}.Debug|Any CPU.ActiveCfg = Debug|Any CPU
		{87674906-785E-4CAB-A4D2-E68E67210167}.Debug|Any CPU.Build.0 = Debug|Any CPU
		{87674906-785E-4CAB-A4D2-E68E67210167}.Release|Any CPU.ActiveCfg = Release|Any CPU
		{87674906-785E-4CAB-A4D2-E68E67210167}.Release|Any CPU.Build.0 = Release|Any CPU
		{F2676BC2-997E-43F3-B896-6822D6DC2064}.Debug|Any CPU.ActiveCfg = Debug|Any CPU
		{F2676BC2-997E-43F3-B896-6822D6DC2064}.Debug|Any CPU.Build.0 = Debug|Any CPU
		{F2676BC2-997E-43F3-B896-6822D6DC2064}.Release|Any CPU.ActiveCfg = Release|Any CPU
		{F2676BC2-997E-43F3-B896-6822D6DC2064}.Release|Any CPU.Build.0 = Release|Any CPU
		{630A0A4A-593F-4754-A92F-6420896E21E1}.Debug|Any CPU.ActiveCfg = Debug|Any CPU
		{630A0A4A-593F-4754-A92F-6420896E21E1}.Debug|Any CPU.Build.0 = Debug|Any CPU
		{630A0A4A-593F-4754-A92F-6420896E21E1}.Release|Any CPU.ActiveCfg = Release|Any CPU
		{630A0A4A-593F-4754-A92F-6420896E21E1}.Release|Any CPU.Build.0 = Release|Any CPU
		{AFA9BB19-30A9-4763-B0E6-9192BBD77D0C}.Debug|Any CPU.ActiveCfg = Debug|Any CPU
		{AFA9BB19-30A9-4763-B0E6-9192BBD77D0C}.Debug|Any CPU.Build.0 = Debug|Any CPU
		{AFA9BB19-30A9-4763-B0E6-9192BBD77D0C}.Release|Any CPU.ActiveCfg = Release|Any CPU
		{AFA9BB19-30A9-4763-B0E6-9192BBD77D0C}.Release|Any CPU.Build.0 = Release|Any CPU
		{08695145-6036-47ED-9883-30F34D923C7B}.Debug|Any CPU.ActiveCfg = Debug|Any CPU
		{08695145-6036-47ED-9883-30F34D923C7B}.Debug|Any CPU.Build.0 = Debug|Any CPU
		{08695145-6036-47ED-9883-30F34D923C7B}.Release|Any CPU.ActiveCfg = Release|Any CPU
		{08695145-6036-47ED-9883-30F34D923C7B}.Release|Any CPU.Build.0 = Release|Any CPU
		{01F0C58E-239C-4039-87F5-117EC6C3F7B3}.Debug|Any CPU.ActiveCfg = Debug|Any CPU
		{01F0C58E-239C-4039-87F5-117EC6C3F7B3}.Debug|Any CPU.Build.0 = Debug|Any CPU
		{01F0C58E-239C-4039-87F5-117EC6C3F7B3}.Release|Any CPU.ActiveCfg = Release|Any CPU
		{01F0C58E-239C-4039-87F5-117EC6C3F7B3}.Release|Any CPU.Build.0 = Release|Any CPU
	EndGlobalSection
	GlobalSection(SolutionProperties) = preSolution
		HideSolutionNode = FALSE
	EndGlobalSection
	GlobalSection(NestedProjects) = preSolution
		{5DF3D1AD-4073-42C5-A4F1-4D0F65465A13} = {16DD194E-7B34-4C97-8F27-23709B146524}
		{C2103F37-0EBA-44F9-AFB7-CC54009F7929} = {16DD194E-7B34-4C97-8F27-23709B146524}
		{75FA460C-C2F6-45E5-A27D-3295AD51EEDE} = {16DD194E-7B34-4C97-8F27-23709B146524}
		{10D6B425-24F6-4A1B-B39F-8375D86C8622} = {CFC34DF2-36A5-4247-90CD-7624E84808A2}
		{E097BA99-E307-4E93-B6D4-48AE12010F0F} = {CFC34DF2-36A5-4247-90CD-7624E84808A2}
		{46DAAD56-1DB7-422F-80CB-67DC371A06FB} = {CFC34DF2-36A5-4247-90CD-7624E84808A2}
		{B68F4968-A7CF-41CC-AD6E-373DB5E67944} = {CFC34DF2-36A5-4247-90CD-7624E84808A2}
		{630A0A4A-593F-4754-A92F-6420896E21E1} = {CFC34DF2-36A5-4247-90CD-7624E84808A2}
		{E2B68BC7-9F65-4655-832B-35069906304D} = {5DF3D1AD-4073-42C5-A4F1-4D0F65465A13}
		{F2676BC2-997E-43F3-B896-6822D6DC2064} = {5DF3D1AD-4073-42C5-A4F1-4D0F65465A13}
		{C4C45111-AC66-4E37-9538-46521F07B151} = {BB09F19C-CA1F-4048-A35F-06284173A77A}
		{2FBAAACD-9A4F-4721-851C-EEF4CAF3293C} = {9C98B2E5-08D8-46C9-9C47-910E21730C42}
		{2EB384E2-219A-4C0A-89E7-44C89030EB04} = {9C98B2E5-08D8-46C9-9C47-910E21730C42}
		{85D631C3-B287-4678-AC52-FBB189103D05} = {EE87AA67-F4C8-492C-B447-4960A02CD6E1}
		{B60C956F-26B1-4FC4-A0FA-AA9B4101196F} = {EE87AA67-F4C8-492C-B447-4960A02CD6E1}
		{CBF09D42-94B5-4FE0-82E6-FC5381CAC2A7} = {EE87AA67-F4C8-492C-B447-4960A02CD6E1}
		{DCBCA755-B17E-4115-8F5C-6FEFECE4090F} = {EE87AA67-F4C8-492C-B447-4960A02CD6E1}
		{0829C298-4FCB-4BCD-860B-4006E8311FAA} = {C2220E9F-7D6E-40E7-BF13-B4987456B767}
		{305E05D3-1668-4C81-88E0-48E65996D02E} = {C2220E9F-7D6E-40E7-BF13-B4987456B767}
		{75744F59-DDD4-4370-935D-0395ABB6659D} = {C2103F37-0EBA-44F9-AFB7-CC54009F7929}
		{30774191-9AB7-4753-8281-9920E5B67449} = {C2103F37-0EBA-44F9-AFB7-CC54009F7929}
		{AFA9BB19-30A9-4763-B0E6-9192BBD77D0C} = {C2103F37-0EBA-44F9-AFB7-CC54009F7929}
		{01F0C58E-239C-4039-87F5-117EC6C3F7B3} = {C2103F37-0EBA-44F9-AFB7-CC54009F7929}
		{B1417040-1B32-42B8-A610-06F49B8B7F59} = {AB411AA8-AA9D-41DC-8E2C-0125BCDED989}
		{0D725A21-04D2-4330-A60D-0B8C61C0F550} = {AB411AA8-AA9D-41DC-8E2C-0125BCDED989}
		{105E9B77-7A9C-4946-B117-E0C543C9B328} = {AB411AA8-AA9D-41DC-8E2C-0125BCDED989}
		{456ED734-BEC8-4B49-840D-9D04D76696FB} = {FE406C10-A02E-4BB9-9AB4-10286BEB6B7C}
		{FAFDCF01-6134-4A01-912B-B36F191B1DD0} = {85D631C3-B287-4678-AC52-FBB189103D05}
		{94D17AE9-8EE9-4D4A-8234-004F060FAB08} = {75FA460C-C2F6-45E5-A27D-3295AD51EEDE}
		{E4BFBBBC-E64A-4986-872E-9510BF68F903} = {75FA460C-C2F6-45E5-A27D-3295AD51EEDE}
		{87674906-785E-4CAB-A4D2-E68E67210167} = {75FA460C-C2F6-45E5-A27D-3295AD51EEDE}
	EndGlobalSection
	GlobalSection(ExtensibilityGlobals) = postSolution
		EnterpriseLibraryConfigurationToolBinariesPath = packages\Unity.2.1.505.2\lib\NET35;packages\Unity.Interception.2.1.505.2\lib\NET35
		EnterpriseLibraryConfigurationToolBinariesPathV6 = packages\EnterpriseLibrary.TransientFaultHandling.6.0.1304.0\lib\portable-net45+win+wp8;packages\EnterpriseLibrary.TransientFaultHandling.Data.6.0.1304.0\lib\NET45
	EndGlobalSection
EndGlobal
